schema: '2.0'
stages:
  train:
    cmd: python src/train.py
    deps:
    - path: data/processed/test.csv
      hash: md5
      md5: 5eefd3b57e91503fa14b21dd6f2be7e8
      size: 16628055
    - path: data/processed/train.csv
      hash: md5
      md5: ddfa470c6f4cf98d2e4e8ad42b7a4496
      size: 49634273
    - path: src/train.py
      hash: md5
      md5: d6f47c45681966dd0f3f881fe9054de3
      size: 1360
    outs:
    - path: artifacts/metrics.json
      hash: md5
      md5: a179d2a1a3380d8728c8fe96219c713e
      size: 32
    - path: artifacts/model.pkl
      hash: md5
      md5: 35cbffe6e1ccf2ed54084ede74d4ca45
      size: 160839
    - path: artifacts/vectorizer.pkl
      hash: md5
      md5: 9ae1650a261ea5d9aedaea4727921423
      size: 142144
  prepare:
    cmd: python src/prepare_data.py
    deps:
    - path: data/raw/IMDB_Dataset.csv
      hash: md5
      md5: 308443a50e5c993e7b8a1cdb95750026
      size: 66212309
    - path: src/prepare_data.py
      hash: md5
      md5: e9328d3d2933b0e7623539e621cae78a
      size: 941
    outs:
    - path: data/processed/test.csv
      hash: md5
      md5: 5eefd3b57e91503fa14b21dd6f2be7e8
      size: 16628055
    - path: data/processed/train.csv
      hash: md5
      md5: ddfa470c6f4cf98d2e4e8ad42b7a4496
      size: 49634273
